// !$*UTF8*$!
{
	archiveVersion = 1;
	classes = {
	};
	objectVersion = 50;
	objects = {

/* Begin PBXBuildFile section */
		CECBED9226857F7200160F2E /* 風景2.jpeg in Resources */ = {isa = PBXBuildFile; fileRef = CECBED8F26857F7200160F2E /* 風景2.jpeg */; };
		CECBED9326857F7200160F2E /* 風景3.jpeg in Resources */ = {isa = PBXBuildFile; fileRef = CECBED9026857F7200160F2E /* 風景3.jpeg */; };
		CECBED9426857F7200160F2E /* 風景1.jpeg in Resources */ = {isa = PBXBuildFile; fileRef = CECBED9126857F7200160F2E /* 風景1.jpeg */; };
		CEF15BA42684334F00D24753 /* ResultViewController.swift in Sources */ = {isa = PBXBuildFile; fileRef = CEF15BA32684334F00D24753 /* ResultViewController.swift */; };
		CEF770122679E20500D50337 /* AppDelegate.swift in Sources */ = {isa = PBXBuildFile; fileRef = CEF770112679E20500D50337 /* AppDelegate.swift */; };
		CEF770142679E20500D50337 /* SceneDelegate.swift in Sources */ = {isa = PBXBuildFile; fileRef = CEF770132679E20500D50337 /* SceneDelegate.swift */; };
		CEF770162679E20500D50337 /* ViewController.swift in Sources */ = {isa = PBXBuildFile; fileRef = CEF770152679E20500D50337 /* ViewController.swift */; };
		CEF770192679E20500D50337 /* Main.storyboard in Resources */ = {isa = PBXBuildFile; fileRef = CEF770172679E20500D50337 /* Main.storyboard */; };
		CEF7701B2679E20800D50337 /* Assets.xcassets in Resources */ = {isa = PBXBuildFile; fileRef = CEF7701A2679E20800D50337 /* Assets.xcassets */; };
		CEF7701E2679E20800D50337 /* LaunchScreen.storyboard in Resources */ = {isa = PBXBuildFile; fileRef = CEF7701C2679E20800D50337 /* LaunchScreen.storyboard */; };
/* End PBXBuildFile section */

/* Begin PBXFileReference section */
		CECBED8F26857F7200160F2E /* 風景2.jpeg */ = {isa = PBXFileReference; lastKnownFileType = image.jpeg; path = "風景2.jpeg"; sourceTree = "<group>"; };
		CECBED9026857F7200160F2E /* 風景3.jpeg */ = {isa = PBXFileReference; lastKnownFileType = image.jpeg; path = "風景3.jpeg"; sourceTree = "<group>"; };
		CECBED9126857F7200160F2E /* 風景1.jpeg */ = {isa = PBXFileReference; lastKnownFileType = image.jpeg; path = "風景1.jpeg"; sourceTree = "<group>"; };
		CEF15BA32684334F00D24753 /* ResultViewController.swift */ = {isa = PBXFileReference; lastKnownFileType = sourcecode.swift; path = ResultViewController.swift; sourceTree = "<group>"; };
		CEF7700E2679E20500D50337 /* SlideshowApp.app */ = {isa = PBXFileReference; explicitFileType = wrapper.application; includeInIndex = 0; path = SlideshowApp.app; sourceTree = BUILT_PRODUCTS_DIR; };
		CEF770112679E20500D50337 /* AppDelegate.swift */ = {isa = PBXFileReference; lastKnownFileType = sourcecode.swift; path = AppDelegate.swift; sourceTree = "<group>"; };
		CEF770132679E20500D50337 /* SceneDelegate.swift */ = {isa = PBXFileReference; lastKnownFileType = sourcecode.swift; path = SceneDelegate.swift; sourceTree = "<group>"; };
		CEF770152679E20500D50337 /* ViewController.swift */ = {isa = PBXFileReference; lastKnownFileType = sourcecode.swift; path = ViewController.swift; sourceTree = "<group>"; };
		CEF770182679E20500D50337 /* Base */ = {isa = PBXFileReference; lastKnownFileType = file.storyboard; name = Base; path = Base.lproj/Main.storyboard; sourceTree = "<group>"; };
		CEF7701A2679E20800D50337 /* Assets.xcassets */ = {isa = PBXFileReference; lastKnownFileType = folder.assetcatalog; path = Assets.xcassets; sourceTree = "<group>"; };
		CEF7701D2679E20800D50337 /* Base */ = {isa = PBXFileReference; lastKnownFileType = file.storyboard; name = Base; path = Base.lproj/LaunchScreen.storyboard; sourceTree = "<group>"; };
		CEF7701F2679E20800D50337 /* Info.plist */ = {isa = PBXFileReference; lastKnownFileType = text.plist.xml; path = Info.plist; sourceTree = "<group>"; };
/* End PBXFileReference section */

/* Begin PBXFrameworksBuildPhase section */
		CEF7700B2679E20500D50337 /* Frameworks */ = {
			isa = PBXFrameworksBuildPhase;
			buildActionMask = 2147483647;
			files = (
			);
			runOnlyForDeploymentPostprocessing = 0;
		};
/* End PBXFrameworksBuildPhase section */

/* Begin PBXGroup section */
		CEF770052679E20500D50337 = {
			isa = PBXGroup;
			children = (
				CEF770102679E20500D50337 /* テスト */,
				CEF7700F2679E20500D50337 /* Products */,
			);
			sourceTree = "<group>";
		};
		CEF7700F2679E20500D50337 /* Products */ = {
			isa = PBXGroup;
			children = (
				CEF7700E2679E20500D50337 /* SlideshowApp.app */,
			);
			name = Products;
			sourceTree = "<group>";
		};
		CEF770102679E20500D50337 /* テスト */ = {
			isa = PBXGroup;
			children = (
				CECBED9126857F7200160F2E /* 風景1.jpeg */,
				CECBED8F26857F7200160F2E /* 風景2.jpeg */,
				CECBED9026857F7200160F2E /* 風景3.jpeg */,
				CEF770112679E20500D50337 /* AppDelegate.swift */,
				CEF770132679E20500D50337 /* SceneDelegate.swift */,
				CEF770152679E20500D50337 /* ViewController.swift */,
				CEF15BA32684334F00D24753 /* ResultViewController.swift */,
				CEF770172679E20500D50337 /* Main.storyboard */,
				CEF7701A2679E20800D50337 /* Assets.xcassets */,
				CEF7701C2679E20800D50337 /* LaunchScreen.storyboard */,
				CEF7701F2679E20800D50337 /* Info.plist */,
			);
			path = "テスト";
			sourceTree = "<group>";
		};
/* End PBXGroup section */

/* Begin PBXNativeTarget section */
		CEF7700D2679E20500D50337 /* SlideshowApp */ = {
			isa = PBXNativeTarget;
			buildConfigurationList = CEF770222679E20800D50337 /* Build configuration list for PBXNativeTarget "SlideshowApp" */;
			buildPhases = (
				CEF7700A2679E20500D50337 /* Sources */,
				CEF7700B2679E20500D50337 /* Frameworks */,
				CEF7700C2679E20500D50337 /* Resources */,
			);
			buildRules = (
			);
			dependencies = (
			);
			name = SlideshowApp;
			productName = "テスト";
			productReference = CEF7700E2679E20500D50337 /* SlideshowApp.app */;
			productType = "com.apple.product-type.application";
		};
/* End PBXNativeTarget section */

/* Begin PBXProject section */
		CEF770062679E20500D50337 /* Project object */ = {
			isa = PBXProject;
			attributes = {
				LastSwiftUpdateCheck = 1220;
				LastUpgradeCheck = 1220;
				TargetAttributes = {
					CEF7700D2679E20500D50337 = {
						CreatedOnToolsVersion = 12.2;
					};
				};
			};
			buildConfigurationList = CEF770092679E20500D50337 /* Build configuration list for PBXProject "SlideshowApp" */;
			compatibilityVersion = "Xcode 9.3";
			developmentRegion = en;
			hasScannedForEncodings = 0;
			knownRegions = (
				en,
				Base,
			);
			mainGroup = CEF770052679E20500D50337;
			productRefGroup = CEF7700F2679E20500D50337 /* Products */;
			projectDirPath = "";
			projectRoot = "";
			targets = (
				CEF7700D2679E20500D50337 /* SlideshowApp */,
			);
		};
/* End PBXProject section */

/* Begin PBXResourcesBuildPhase section */
		CEF7700C2679E20500D50337 /* Resources */ = {
			isa = PBXResourcesBuildPhase;
			buildActionMask = 2147483647;
			files = (
				CEF7701E2679E20800D50337 /* LaunchScreen.storyboard in Resources */,
				CECBED9226857F7200160F2E /* 風景2.jpeg in Resources */,
				CEF7701B2679E20800D50337 /* Assets.xcassets in Resources */,
				CEF770192679E20500D50337 /* Main.storyboard in Resources */,
				CECBED9426857F7200160F2E /* 風景1.jpeg in Resources */,
				CECBED9326857F7200160F2E /* 風景3.jpeg in Resources */,
			);
			runOnlyForDeploymentPostprocessing = 0;
		};
/* End PBXResourcesBuildPhase section */

/* Begin PBXSourcesBuildPhase section */
		CEF7700A2679E20500D50337 /* Sources */ = {
			isa = PBXSourcesBuildPhase;
			buildActionMask = 2147483647;
			files = (
				CEF770162679E20500D50337 /* ViewController.swift in Sources */,
				CEF770122679E20500D50337 /* AppDelegate.swift in Sources */,
				CEF770142679E20500D50337 /* SceneDelegate.swift in Sources */,
				CEF15BA42684334F00D24753 /* ResultViewController.swift in Sources */,
			);
			runOnlyForDeploymentPostprocessing = 0;
		};
/* End PBXSourcesBuildPhase section */

/* Begin PBXVariantGroup section */
		CEF770172679E20500D50337 /* Main.storyboard */ = {
			isa = PBXVariantGroup;
			children = (
				CEF770182679E20500D50337 /* Base */,
			);
			name = Main.storyboard;
			sourceTree = "<group>";
		};
		CEF7701C2679E20800D50337 /* LaunchScreen.storyboard */ = {
			isa = PBXVariantGroup;
			children = (
				CEF7701D2679E20800D50337 /* Base */,
			);
			name = LaunchScreen.storyboard;
			sourceTree = "<group>";
		};
/* End PBXVariantGroup section */

/* Begin XCBuildConfiguration section */
		CEF770202679E20800D50337 /* Debug */ = {
			isa = XCBuildConfiguration;
			buildSettings = {
				ALWAYS_SEARCH_USER_PATHS = NO;
				CLANG_ANALYZER_NONNULL = YES;
				CLANG_ANALYZER_NUMBER_OBJECT_CONVERSION = YES_AGGRESSIVE;
				CLANG_CXX_LANGUAGE_STANDARD = "gnu++14";
				CLANG_CXX_LIBRARY = "libc++";
				CLANG_ENABLE_MODULES = YES;
				CLANG_ENABLE_OBJC_ARC = YES;
				CLANG_ENABLE_OBJC_WEAK = YES;
				CLANG_WARN_BLOCK_CAPTURE_AUTORELEASING = YES;
				CLANG_WARN_BOOL_CONVERSION = YES;
				CLANG_WARN_COMMA = YES;
				CLANG_WARN_CONSTANT_CONVERSION = YES;
				CLANG_WARN_DEPRECATED_OBJC_IMPLEMENTATIONS = YES;
				CLANG_WARN_DIRECT_OBJC_ISA_USAGE = YES_ERROR;
				CLANG_WARN_DOCUMENTATION_COMMENTS = YES;
				CLANG_WARN_EMPTY_BODY = YES;
				CLANG_WARN_ENUM_CONVERSION = YES;
				CLANG_WARN_INFINITE_RECURSION = YES;
				CLANG_WARN_INT_CONVERSION = YES;
				CLANG_WARN_NON_LITERAL_NULL_CONVERSION = YES;
				CLANG_WARN_OBJC_IMPLICIT_RETAIN_SELF = YES;
				CLANG_WARN_OBJC_LITERAL_CONVERSION = YES;
				CLANG_WARN_OBJC_ROOT_CLASS = YES_ERROR;
				CLANG_WARN_QUOTED_INCLUDE_IN_FRAMEWORK_HEADER = YES;
				CLANG_WARN_RANGE_LOOP_ANALYSIS = YES;
				CLANG_WARN_STRICT_PROTOTYPES = YES;
				CLANG_WARN_SUSPICIOUS_MOVE = YES;
				CLANG_WARN_UNGUARDED_AVAILABILITY = YES_AGGRESSIVE;
				CLANG_WARN_UNREACHABLE_CODE = YES;
				CLANG_WARN__DUPLICATE_METHOD_MATCH = YES;
				COPY_PHASE_STRIP = NO;
				DEBUG_INFORMATION_FORMAT = dwarf;
				ENABLE_STRICT_OBJC_MSGSEND = YES;
				ENABLE_TESTABILITY = YES;
				GCC_C_LANGUAGE_STANDARD = gnu11;
				GCC_DYNAMIC_NO_PIC = NO;
				GCC_NO_COMMON_BLOCKS = YES;
				GCC_OPTIMIZATION_LEVEL = 0;
				GCC_PREPROCESSOR_DEFINITIONS = (
					"DEBUG=1",
					"$(inherited)",
				);
				GCC_WARN_64_TO_32_BIT_CONVERSION = YES;
				GCC_WARN_ABOUT_RETURN_TYPE = YES_ERROR;
				GCC_WARN_UNDECLARED_SELECTOR = YES;
				GCC_WARN_UNINITIALIZED_AUTOS = YES_AGGRESSIVE;
				GCC_WARN_UNUSED_FUNCTION = YES;
				GCC_WARN_UNUSED_VARIABLE = YES;
				IPHONEOS_DEPLOYMENT_TARGET = 14.2;
				MTL_ENABLE_DEBUG_INFO = INCLUDE_SOURCE;
				MTL_FAST_MATH = YES;
				ONLY_ACTIVE_ARCH = YES;
				SDKROOT = iphoneos;
				SWIFT_ACTIVE_COMPILATION_CONDITIONS = DEBUG;
				SWIFT_OPTIMIZATION_LEVEL = "-Onone";
			};
			name = Debug;
		};
		CEF770212679E20800D50337 /* Release */ = {
			isa = XCBuildConfiguration;
			buildSettings = {
				ALWAYS_SEARCH_USER_PATHS = NO;
				CLANG_ANALYZER_NONNULL = YES;
				CLANG_ANALYZER_NUMBER_OBJECT_CONVERSION = YES_AGGRESSIVE;
				CLANG_CXX_LANGUAGE_STANDARD = "gnu++14";
				CLANG_CXX_LIBRARY = "libc++";
				CLANG_ENABLE_MODULES = YES;
				CLANG_ENABLE_OBJC_ARC = YES;
				CLANG_ENABLE_OBJC_WEAK = YES;
				CLANG_WARN_BLOCK_CAPTURE_AUTORELEASING = YES;
				CLANG_WARN_BOOL_CONVERSION = YES;
				CLANG_WARN_COMMA = YES;
				CLANG_WARN_CONSTANT_CONVERSION = YES;
				CLANG_WARN_DEPRECATED_OBJC_IMPLEMENTATIONS = YES;
				CLANG_WARN_DIRECT_OBJC_ISA_USAGE = YES_ERROR;
				CLANG_WARN_DOCUMENTATION_COMMENTS = YES;
				CLANG_WARN_EMPTY_BODY = YES;
				CLANG_WARN_ENUM_CONVERSION = YES;
				CLANG_WARN_INFINITE_RECURSION = YES;
				CLANG_WARN_INT_CONVERSION = YES;
				CLANG_WARN_NON_LITERAL_NULL_CONVERSION = YES;
				CLANG_WARN_OBJC_IMPLICIT_RETAIN_SELF = YES;
				CLANG_WARN_OBJC_LITERAL_CONVERSION = YES;
				CLANG_WARN_OBJC_ROOT_CLASS = YES_ERROR;
				CLANG_WARN_QUOTED_INCLUDE_IN_FRAMEWORK_HEADER = YES;
				CLANG_WARN_RANGE_LOOP_ANALYSIS = YES;
				CLANG_WARN_STRICT_PROTOTYPES = YES;
				CLANG_WARN_SUSPICIOUS_MOVE = YES;
				CLANG_WARN_UNGUARDED_AVAILABILITY = YES_AGGRESSIVE;
				CLANG_WARN_UNREACHABLE_CODE = YES;
				CLANG_WARN__DUPLICATE_METHOD_MATCH = YES;
				COPY_PHASE_STRIP = NO;
				DEBUG_INFORMATION_FORMAT = "dwarf-with-dsym";
				ENABLE_NS_ASSERTIONS = NO;
				ENABLE_STRICT_OBJC_MSGSEND = YES;
				GCC_C_LANGUAGE_STANDARD = gnu11;
				GCC_NO_COMMON_BLOCKS = YES;
				GCC_WARN_64_TO_32_BIT_CONVERSION = YES;
				GCC_WARN_ABOUT_RETURN_TYPE = YES_ERROR;
				GCC_WARN_UNDECLARED_SELECTOR = YES;
				GCC_WARN_UNINITIALIZED_AUTOS = YES_AGGRESSIVE;
				GCC_WARN_UNUSED_FUNCTION = YES;
				GCC_WARN_UNUSED_VARIABLE = YES;
				IPHONEOS_DEPLOYMENT_TARGET = 14.2;
				MTL_ENABLE_DEBUG_INFO = NO;
				MTL_FAST_MATH = YES;
				SDKROOT = iphoneos;
				SWIFT_COMPILATION_MODE = wholemodule;
				SWIFT_OPTIMIZATION_LEVEL = "-O";
				VALIDATE_PRODUCT = YES;
			};
			name = Release;
		};
		CEF770232679E20800D50337 /* Debug */ = {
			isa = XCBuildConfiguration;
			buildSettings = {
				ASSETCATALOG_COMPILER_APPICON_NAME = AppIcon;
				ASSETCATALOG_COMPILER_GLOBAL_ACCENT_COLOR_NAME = AccentColor;
				CODE_SIGN_STYLE = Automatic;
				INFOPLIST_FILE = "テスト/Info.plist";
				LD_RUNPATH_SEARCH_PATHS = (
					"$(inherited)",
					"@executable_path/Frameworks",
				);
				PRODUCT_BUNDLE_IDENTIFIER = "jp.techacademy.yatsushi00.---";
				PRODUCT_NAME = "$(TARGET_NAME)";
				SWIFT_VERSION = 5.0;
				TARGETED_DEVICE_FAMILY = "1,2";
			};
			name = Debug;
		};
		CEF770242679E20800D50337 /* Release */ = {
			isa = XCBuildConfiguration;
			buildSettings = {
				ASSETCATALOG_COMPILER_APPICON_NAME = AppIcon;
				ASSETCATALOG_COMPILER_GLOBAL_ACCENT_COLOR_NAME = AccentColor;
				CODE_SIGN_STYLE = Automatic;
				INFOPLIST_FILE = "テスト/Info.plist";
				LD_RUNPATH_SEARCH_PATHS = (
					"$(inherited)",
					"@executable_path/Frameworks",
				);
				PRODUCT_BUNDLE_IDENTIFIER = "jp.techacademy.yatsushi00.---";
				PRODUCT_NAME = "$(TARGET_NAME)";
				SWIFT_VERSION = 5.0;
				TARGETED_DEVICE_FAMILY = "1,2";
			};
			name = Release;
		};
/* End XCBuildConfiguration section */

/* Begin XCConfigurationList section */
		CEF770092679E20500D50337 /* Build configuration list for PBXProject "SlideshowApp" */ = {
			isa = XCConfigurationList;
			buildConfigurations = (
				CEF770202679E20800D50337 /* Debug */,
				CEF770212679E20800D50337 /* Release */,
			);
			defaultConfigurationIsVisible = 0;
			defaultConfigurationName = Release;
		};
		CEF770222679E20800D50337 /* Build configuration list for PBXNativeTarget "SlideshowApp" */ = {
			isa = XCConfigurationList;
			buildConfigurations = (
				CEF770232679E20800D50337 /* Debug */,
				CEF770242679E20800D50337 /* Release */,
			);
			defaultConfigurationIsVisible = 0;
			defaultConfigurationName = Release;
		};
/* End XCConfigurationList section */
	};
	rootObject = CEF770062679E20500D50337 /* Project object */;
}
